// !$*UTF8*$!
{
	archiveVersion = 1;
	classes = {
	};
	objectVersion = 46;
	objects = {

/* Begin PBXBuildFile section */
		67439B99771210A511EF7279 /* Pods_Devslopes_Social.framework in Frameworks */ = {isa = PBXBuildFile; fileRef = 22B7252ADB41B11CECBE1FCA /* Pods_Devslopes_Social.framework */; };
		AD336E251DFD1030007E8B18 /* AppDelegate.swift in Sources */ = {isa = PBXBuildFile; fileRef = AD336E241DFD1030007E8B18 /* AppDelegate.swift */; };
		AD336E271DFD1030007E8B18 /* SignInVC.swift in Sources */ = {isa = PBXBuildFile; fileRef = AD336E261DFD1030007E8B18 /* SignInVC.swift */; };
		AD336E2A1DFD1030007E8B18 /* Main.storyboard in Resources */ = {isa = PBXBuildFile; fileRef = AD336E281DFD1030007E8B18 /* Main.storyboard */; };
		AD336E2C1DFD1030007E8B18 /* Assets.xcassets in Resources */ = {isa = PBXBuildFile; fileRef = AD336E2B1DFD1030007E8B18 /* Assets.xcassets */; };
		AD336E2F1DFD1030007E8B18 /* LaunchScreen.storyboard in Resources */ = {isa = PBXBuildFile; fileRef = AD336E2D1DFD1030007E8B18 /* LaunchScreen.storyboard */; };
		AD336E371DFD10BF007E8B18 /* GoogleService-Info.plist in Resources */ = {isa = PBXBuildFile; fileRef = AD336E361DFD10BF007E8B18 /* GoogleService-Info.plist */; };
		ADA973E01DFD2F3F001C38E9 /* FancyView.swift in Sources */ = {isa = PBXBuildFile; fileRef = ADA973DF1DFD2F3F001C38E9 /* FancyView.swift */; };
		ADA973E31DFD2FE7001C38E9 /* Constants.swift in Sources */ = {isa = PBXBuildFile; fileRef = ADA973E21DFD2FE7001C38E9 /* Constants.swift */; };
		ADA973E51DFD31C4001C38E9 /* FancyButton.swift in Sources */ = {isa = PBXBuildFile; fileRef = ADA973E41DFD31C4001C38E9 /* FancyButton.swift */; };
		ADA973E71DFD333A001C38E9 /* FancyTextField.swift in Sources */ = {isa = PBXBuildFile; fileRef = ADA973E61DFD333A001C38E9 /* FancyTextField.swift */; };
		ADA973E91DFD349F001C38E9 /* FancyButtonSign.swift in Sources */ = {isa = PBXBuildFile; fileRef = ADA973E81DFD349F001C38E9 /* FancyButtonSign.swift */; };
		ADE4CDD71DFE440B00688E5B /* FeedVC.swift in Sources */ = {isa = PBXBuildFile; fileRef = ADE4CDD61DFE440B00688E5B /* FeedVC.swift */; };
		ADE4CDD91DFE599B00688E5B /* CircleView.swift in Sources */ = {isa = PBXBuildFile; fileRef = ADE4CDD81DFE599B00688E5B /* CircleView.swift */; };
		ADE4CDDB1DFE7CE100688E5B /* PostCell.swift in Sources */ = {isa = PBXBuildFile; fileRef = ADE4CDDA1DFE7CE100688E5B /* PostCell.swift */; };
/* End PBXBuildFile section */

/* Begin PBXFileReference section */
		22B7252ADB41B11CECBE1FCA /* Pods_Devslopes_Social.framework */ = {isa = PBXFileReference; explicitFileType = wrapper.framework; includeInIndex = 0; path = Pods_Devslopes_Social.framework; sourceTree = BUILT_PRODUCTS_DIR; };
		32E7CE68FD3FD62CE503344B /* Pods-Devslopes Social.release.xcconfig */ = {isa = PBXFileReference; includeInIndex = 1; lastKnownFileType = text.xcconfig; name = "Pods-Devslopes Social.release.xcconfig"; path = "Pods/Target Support Files/Pods-Devslopes Social/Pods-Devslopes Social.release.xcconfig"; sourceTree = "<group>"; };
		AD336E211DFD102F007E8B18 /* Devslopes Social.app */ = {isa = PBXFileReference; explicitFileType = wrapper.application; includeInIndex = 0; path = "Devslopes Social.app"; sourceTree = BUILT_PRODUCTS_DIR; };
		AD336E241DFD1030007E8B18 /* AppDelegate.swift */ = {isa = PBXFileReference; lastKnownFileType = sourcecode.swift; path = AppDelegate.swift; sourceTree = "<group>"; };
		AD336E261DFD1030007E8B18 /* SignInVC.swift */ = {isa = PBXFileReference; lastKnownFileType = sourcecode.swift; path = SignInVC.swift; sourceTree = "<group>"; };
		AD336E291DFD1030007E8B18 /* Base */ = {isa = PBXFileReference; lastKnownFileType = file.storyboard; name = Base; path = Base.lproj/Main.storyboard; sourceTree = "<group>"; };
		AD336E2B1DFD1030007E8B18 /* Assets.xcassets */ = {isa = PBXFileReference; lastKnownFileType = folder.assetcatalog; path = Assets.xcassets; sourceTree = "<group>"; };
		AD336E2E1DFD1030007E8B18 /* Base */ = {isa = PBXFileReference; lastKnownFileType = file.storyboard; name = Base; path = Base.lproj/LaunchScreen.storyboard; sourceTree = "<group>"; };
		AD336E301DFD1030007E8B18 /* Info.plist */ = {isa = PBXFileReference; lastKnownFileType = text.plist.xml; path = Info.plist; sourceTree = "<group>"; };
		AD336E361DFD10BF007E8B18 /* GoogleService-Info.plist */ = {isa = PBXFileReference; fileEncoding = 4; lastKnownFileType = text.plist.xml; path = "GoogleService-Info.plist"; sourceTree = "<group>"; };
		ADA973DF1DFD2F3F001C38E9 /* FancyView.swift */ = {isa = PBXFileReference; fileEncoding = 4; lastKnownFileType = sourcecode.swift; path = FancyView.swift; sourceTree = "<group>"; };
		ADA973E21DFD2FE7001C38E9 /* Constants.swift */ = {isa = PBXFileReference; fileEncoding = 4; lastKnownFileType = sourcecode.swift; path = Constants.swift; sourceTree = "<group>"; };
		ADA973E41DFD31C4001C38E9 /* FancyButton.swift */ = {isa = PBXFileReference; fileEncoding = 4; lastKnownFileType = sourcecode.swift; path = FancyButton.swift; sourceTree = "<group>"; };
		ADA973E61DFD333A001C38E9 /* FancyTextField.swift */ = {isa = PBXFileReference; fileEncoding = 4; lastKnownFileType = sourcecode.swift; path = FancyTextField.swift; sourceTree = "<group>"; };
		ADA973E81DFD349F001C38E9 /* FancyButtonSign.swift */ = {isa = PBXFileReference; fileEncoding = 4; lastKnownFileType = sourcecode.swift; path = FancyButtonSign.swift; sourceTree = "<group>"; };
		ADE4CDD61DFE440B00688E5B /* FeedVC.swift */ = {isa = PBXFileReference; fileEncoding = 4; lastKnownFileType = sourcecode.swift; path = FeedVC.swift; sourceTree = "<group>"; };
		ADE4CDD81DFE599B00688E5B /* CircleView.swift */ = {isa = PBXFileReference; fileEncoding = 4; lastKnownFileType = sourcecode.swift; path = CircleView.swift; sourceTree = "<group>"; };
		ADE4CDDA1DFE7CE100688E5B /* PostCell.swift */ = {isa = PBXFileReference; fileEncoding = 4; lastKnownFileType = sourcecode.swift; path = PostCell.swift; sourceTree = "<group>"; };
		B43A08C1A9DC3D6CBFC11CDE /* Pods-Devslopes Social.debug.xcconfig */ = {isa = PBXFileReference; includeInIndex = 1; lastKnownFileType = text.xcconfig; name = "Pods-Devslopes Social.debug.xcconfig"; path = "Pods/Target Support Files/Pods-Devslopes Social/Pods-Devslopes Social.debug.xcconfig"; sourceTree = "<group>"; };
/* End PBXFileReference section */

/* Begin PBXFrameworksBuildPhase section */
		AD336E1E1DFD102F007E8B18 /* Frameworks */ = {
			isa = PBXFrameworksBuildPhase;
			buildActionMask = 2147483647;
			files = (
				67439B99771210A511EF7279 /* Pods_Devslopes_Social.framework in Frameworks */,
			);
			runOnlyForDeploymentPostprocessing = 0;
		};
/* End PBXFrameworksBuildPhase section */

/* Begin PBXGroup section */
		35EC78C57FCB22104E9A53F0 /* Frameworks */ = {
			isa = PBXGroup;
			children = (
				22B7252ADB41B11CECBE1FCA /* Pods_Devslopes_Social.framework */,
			);
			name = Frameworks;
			sourceTree = "<group>";
		};
		3A32ADCE6373336691461839 /* Pods */ = {
			isa = PBXGroup;
			children = (
				B43A08C1A9DC3D6CBFC11CDE /* Pods-Devslopes Social.debug.xcconfig */,
				32E7CE68FD3FD62CE503344B /* Pods-Devslopes Social.release.xcconfig */,
			);
			name = Pods;
			sourceTree = "<group>";
		};
		AD336E181DFD102F007E8B18 = {
			isa = PBXGroup;
			children = (
				AD336E231DFD1030007E8B18 /* Devslopes Social */,
				AD336E221DFD102F007E8B18 /* Products */,
				3A32ADCE6373336691461839 /* Pods */,
				35EC78C57FCB22104E9A53F0 /* Frameworks */,
			);
			sourceTree = "<group>";
		};
		AD336E221DFD102F007E8B18 /* Products */ = {
			isa = PBXGroup;
			children = (
				AD336E211DFD102F007E8B18 /* Devslopes Social.app */,
			);
			name = Products;
			sourceTree = "<group>";
		};
		AD336E231DFD1030007E8B18 /* Devslopes Social */ = {
			isa = PBXGroup;
			children = (
				ADA973E11DFD2FD7001C38E9 /* Utilities */,
				ADA973DC1DFD13A0001C38E9 /* Modal */,
				ADA973DD1DFD13A4001C38E9 /* View */,
				ADA973DE1DFD13A8001C38E9 /* Controller */,
				AD336E241DFD1030007E8B18 /* AppDelegate.swift */,
				AD336E281DFD1030007E8B18 /* Main.storyboard */,
				AD336E2B1DFD1030007E8B18 /* Assets.xcassets */,
				AD336E2D1DFD1030007E8B18 /* LaunchScreen.storyboard */,
				AD336E301DFD1030007E8B18 /* Info.plist */,
				AD336E361DFD10BF007E8B18 /* GoogleService-Info.plist */,
			);
			path = "Devslopes Social";
			sourceTree = "<group>";
		};
		ADA973DC1DFD13A0001C38E9 /* Modal */ = {
			isa = PBXGroup;
			children = (
			);
			name = Modal;
			sourceTree = "<group>";
		};
		ADA973DD1DFD13A4001C38E9 /* View */ = {
			isa = PBXGroup;
			children = (
				ADA973DF1DFD2F3F001C38E9 /* FancyView.swift */,
				ADA973E41DFD31C4001C38E9 /* FancyButton.swift */,
				ADA973E61DFD333A001C38E9 /* FancyTextField.swift */,
				ADA973E81DFD349F001C38E9 /* FancyButtonSign.swift */,
				ADE4CDD81DFE599B00688E5B /* CircleView.swift */,
				ADE4CDDA1DFE7CE100688E5B /* PostCell.swift */,
			);
			name = View;
			sourceTree = "<group>";
		};
		ADA973DE1DFD13A8001C38E9 /* Controller */ = {
			isa = PBXGroup;
			children = (
				AD336E261DFD1030007E8B18 /* SignInVC.swift */,
				ADE4CDD61DFE440B00688E5B /* FeedVC.swift */,
			);
			name = Controller;
			sourceTree = "<group>";
		};
		ADA973E11DFD2FD7001C38E9 /* Utilities */ = {
			isa = PBXGroup;
			children = (
				ADA973E21DFD2FE7001C38E9 /* Constants.swift */,
			);
			name = Utilities;
			sourceTree = "<group>";
		};
/* End PBXGroup section */

/* Begin PBXNativeTarget section */
		AD336E201DFD102F007E8B18 /* Devslopes Social */ = {
			isa = PBXNativeTarget;
			buildConfigurationList = AD336E331DFD1030007E8B18 /* Build configuration list for PBXNativeTarget "Devslopes Social" */;
			buildPhases = (
				DBDBB60EB8505AFA4408FF02 /* [CP] Check Pods Manifest.lock */,
				AD336E1D1DFD102F007E8B18 /* Sources */,
				AD336E1E1DFD102F007E8B18 /* Frameworks */,
				AD336E1F1DFD102F007E8B18 /* Resources */,
				36D22E5904CE9B73286EB901 /* [CP] Embed Pods Frameworks */,
				992E6B290A32C1C517410BDF /* [CP] Copy Pods Resources */,
			);
			buildRules = (
			);
			dependencies = (
			);
			name = "Devslopes Social";
			productName = "Devslopes Social";
			productReference = AD336E211DFD102F007E8B18 /* Devslopes Social.app */;
			productType = "com.apple.product-type.application";
		};
/* End PBXNativeTarget section */

/* Begin PBXProject section */
		AD336E191DFD102F007E8B18 /* Project object */ = {
			isa = PBXProject;
			attributes = {
				LastSwiftUpdateCheck = 0820;
				LastUpgradeCheck = 0820;
				ORGANIZATIONNAME = "Donald Nguyen";
				TargetAttributes = {
					AD336E201DFD102F007E8B18 = {
						CreatedOnToolsVersion = 8.2;
						DevelopmentTeam = S58QJ4E424;
						ProvisioningStyle = Automatic;
					};
				};
			};
			buildConfigurationList = AD336E1C1DFD102F007E8B18 /* Build configuration list for PBXProject "Devslopes Social" */;
			compatibilityVersion = "Xcode 3.2";
			developmentRegion = English;
			hasScannedForEncodings = 0;
			knownRegions = (
				en,
				Base,
			);
			mainGroup = AD336E181DFD102F007E8B18;
			productRefGroup = AD336E221DFD102F007E8B18 /* Products */;
			projectDirPath = "";
			projectRoot = "";
			targets = (
				AD336E201DFD102F007E8B18 /* Devslopes Social */,
			);
		};
/* End PBXProject section */

/* Begin PBXResourcesBuildPhase section */
		AD336E1F1DFD102F007E8B18 /* Resources */ = {
			isa = PBXResourcesBuildPhase;
			buildActionMask = 2147483647;
			files = (
				AD336E2F1DFD1030007E8B18 /* LaunchScreen.storyboard in Resources */,
				AD336E371DFD10BF007E8B18 /* GoogleService-Info.plist in Resources */,
				AD336E2C1DFD1030007E8B18 /* Assets.xcassets in Resources */,
				AD336E2A1DFD1030007E8B18 /* Main.storyboard in Resources */,
			);
			runOnlyForDeploymentPostprocessing = 0;
		};
/* End PBXResourcesBuildPhase section */

/* Begin PBXShellScriptBuildPhase section */
		36D22E5904CE9B73286EB901 /* [CP] Embed Pods Frameworks */ = {
			isa = PBXShellScriptBuildPhase;
			buildActionMask = 2147483647;
			files = (
			);
			inputPaths = (
			);
			name = "[CP] Embed Pods Frameworks";
			outputPaths = (
			);
			runOnlyForDeploymentPostprocessing = 0;
			shellPath = /bin/sh;
			shellScript = "\"${SRCROOT}/Pods/Target Support Files/Pods-Devslopes Social/Pods-Devslopes Social-frameworks.sh\"\n";
			showEnvVarsInLog = 0;
		};
		992E6B290A32C1C517410BDF /* [CP] Copy Pods Resources */ = {
			isa = PBXShellScriptBuildPhase;
			buildActionMask = 2147483647;
			files = (
			);
			inputPaths = (
			);
			name = "[CP] Copy Pods Resources";
			outputPaths = (
			);
			runOnlyForDeploymentPostprocessing = 0;
			shellPath = /bin/sh;
			shellScript = "\"${SRCROOT}/Pods/Target Support Files/Pods-Devslopes Social/Pods-Devslopes Social-resources.sh\"\n";
			showEnvVarsInLog = 0;
		};
		DBDBB60EB8505AFA4408FF02 /* [CP] Check Pods Manifest.lock */ = {
			isa = PBXShellScriptBuildPhase;
			buildActionMask = 2147483647;
			files = (
			);
			inputPaths = (
			);
			name = "[CP] Check Pods Manifest.lock";
			outputPaths = (
			);
			runOnlyForDeploymentPostprocessing = 0;
			shellPath = /bin/sh;
			shellScript = "diff \"${PODS_ROOT}/../Podfile.lock\" \"${PODS_ROOT}/Manifest.lock\" > /dev/null\nif [ $? != 0 ] ; then\n    # print error to STDERR\n    echo \"error: The sandbox is not in sync with the Podfile.lock. Run 'pod install' or update your CocoaPods installation.\" >&2\n    exit 1\nfi\n";
			showEnvVarsInLog = 0;
		};
/* End PBXShellScriptBuildPhase section */

/* Begin PBXSourcesBuildPhase section */
		AD336E1D1DFD102F007E8B18 /* Sources */ = {
			isa = PBXSourcesBuildPhase;
			buildActionMask = 2147483647;
			files = (
				ADE4CDD91DFE599B00688E5B /* CircleView.swift in Sources */,
				AD336E271DFD1030007E8B18 /* SignInVC.swift in Sources */,
				AD336E251DFD1030007E8B18 /* AppDelegate.swift in Sources */,
				ADA973E01DFD2F3F001C38E9 /* FancyView.swift in Sources */,
				ADA973E91DFD349F001C38E9 /* FancyButtonSign.swift in Sources */,
				ADE4CDD71DFE440B00688E5B /* FeedVC.swift in Sources */,
				ADA973E71DFD333A001C38E9 /* FancyTextField.swift in Sources */,
				ADA973E31DFD2FE7001C38E9 /* Constants.swift in Sources */,
				ADA973E51DFD31C4001C38E9 /* FancyButton.swift in Sources */,
				ADE4CDDB1DFE7CE100688E5B /* PostCell.swift in Sources */,
			);
			runOnlyForDeploymentPostprocessing = 0;
		};
/* End PBXSourcesBuildPhase section */

/* Begin PBXVariantGroup section */
		AD336E281DFD1030007E8B18 /* Main.storyboard */ = {
			isa = PBXVariantGroup;
			children = (
				AD336E291DFD1030007E8B18 /* Base */,
			);
			name = Main.storyboard;
			sourceTree = "<group>";
		};
		AD336E2D1DFD1030007E8B18 /* LaunchScreen.storyboard */ = {
			isa = PBXVariantGroup;
			children = (
				AD336E2E1DFD1030007E8B18 /* Base */,
			);
			name = LaunchScreen.storyboard;
			sourceTree = "<group>";
		};
/* End PBXVariantGroup section */

/* Begin XCBuildConfiguration section */
		AD336E311DFD1030007E8B18 /* Debug */ = {
			isa = XCBuildConfiguration;
			buildSettings = {
				ALWAYS_SEARCH_USER_PATHS = NO;
				CLANG_ANALYZER_NONNULL = YES;
				CLANG_CXX_LANGUAGE_STANDARD = "gnu++0x";
				CLANG_CXX_LIBRARY = "libc++";
				CLANG_ENABLE_MODULES = YES;
				CLANG_ENABLE_OBJC_ARC = YES;
				CLANG_WARN_BOOL_CONVERSION = YES;
				CLANG_WARN_CONSTANT_CONVERSION = YES;
				CLANG_WARN_DIRECT_OBJC_ISA_USAGE = YES_ERROR;
				CLANG_WARN_DOCUMENTATION_COMMENTS = YES;
				CLANG_WARN_EMPTY_BODY = YES;
				CLANG_WARN_ENUM_CONVERSION = YES;
				CLANG_WARN_INFINITE_RECURSION = YES;
				CLANG_WARN_INT_CONVERSION = YES;
				CLANG_WARN_OBJC_ROOT_CLASS = YES_ERROR;
				CLANG_WARN_SUSPICIOUS_MOVE = YES;
				CLANG_WARN_UNREACHABLE_CODE = YES;
				CLANG_WARN__DUPLICATE_METHOD_MATCH = YES;
				"CODE_SIGN_IDENTITY[sdk=iphoneos*]" = "iPhone Developer";
				COPY_PHASE_STRIP = NO;
				DEBUG_INFORMATION_FORMAT = dwarf;
				ENABLE_STRICT_OBJC_MSGSEND = YES;
				ENABLE_TESTABILITY = YES;
				GCC_C_LANGUAGE_STANDARD = gnu99;
				GCC_DYNAMIC_NO_PIC = NO;
				GCC_NO_COMMON_BLOCKS = YES;
				GCC_OPTIMIZATION_LEVEL = 0;
				GCC_PREPROCESSOR_DEFINITIONS = (
					"DEBUG=1",
					"$(inherited)",
				);
				GCC_WARN_64_TO_32_BIT_CONVERSION = YES;
				GCC_WARN_ABOUT_RETURN_TYPE = YES_ERROR;
				GCC_WARN_UNDECLARED_SELECTOR = YES;
				GCC_WARN_UNINITIALIZED_AUTOS = YES_AGGRESSIVE;
				GCC_WARN_UNUSED_FUNCTION = YES;
				GCC_WARN_UNUSED_VARIABLE = YES;
				IPHONEOS_DEPLOYMENT_TARGET = 10.2;
				MTL_ENABLE_DEBUG_INFO = YES;
				ONLY_ACTIVE_ARCH = YES;
				SDKROOT = iphoneos;
				SWIFT_ACTIVE_COMPILATION_CONDITIONS = DEBUG;
				SWIFT_OPTIMIZATION_LEVEL = "-Onone";
			};
			name = Debug;
		};
		AD336E321DFD1030007E8B18 /* Release */ = {
			isa = XCBuildConfiguration;
			buildSettings = {
				ALWAYS_SEARCH_USER_PATHS = NO;
				CLANG_ANALYZER_NONNULL = YES;
				CLANG_CXX_LANGUAGE_STANDARD = "gnu++0x";
				CLANG_CXX_LIBRARY = "libc++";
				CLANG_ENABLE_MODULES = YES;
				CLANG_ENABLE_OBJC_ARC = YES;
				CLANG_WARN_BOOL_CONVERSION = YES;
				CLANG_WARN_CONSTANT_CONVERSION = YES;
				CLANG_WARN_DIRECT_OBJC_ISA_USAGE = YES_ERROR;
				CLANG_WARN_DOCUMENTATION_COMMENTS = YES;
				CLANG_WARN_EMPTY_BODY = YES;
				CLANG_WARN_ENUM_CONVERSION = YES;
				CLANG_WARN_INFINITE_RECURSION = YES;
				CLANG_WARN_INT_CONVERSION = YES;
				CLANG_WARN_OBJC_ROOT_CLASS = YES_ERROR;
				CLANG_WARN_SUSPICIOUS_MOVE = YES;
				CLANG_WARN_UNREACHABLE_CODE = YES;
				CLANG_WARN__DUPLICATE_METHOD_MATCH = YES;
				"CODE_SIGN_IDENTITY[sdk=iphoneos*]" = "iPhone Developer";
				COPY_PHASE_STRIP = NO;
				DEBUG_INFORMATION_FORMAT = "dwarf-with-dsym";
				ENABLE_NS_ASSERTIONS = NO;
				ENABLE_STRICT_OBJC_MSGSEND = YES;
				GCC_C_LANGUAGE_STANDARD = gnu99;
				GCC_NO_COMMON_BLOCKS = YES;
				GCC_WARN_64_TO_32_BIT_CONVERSION = YES;
				GCC_WARN_ABOUT_RETURN_TYPE = YES_ERROR;
				GCC_WARN_UNDECLARED_SELECTOR = YES;
				GCC_WARN_UNINITIALIZED_AUTOS = YES_AGGRESSIVE;
				GCC_WARN_UNUSED_FUNCTION = YES;
				GCC_WARN_UNUSED_VARIABLE = YES;
				IPHONEOS_DEPLOYMENT_TARGET = 10.2;
				MTL_ENABLE_DEBUG_INFO = NO;
				SDKROOT = iphoneos;
				SWIFT_OPTIMIZATION_LEVEL = "-Owholemodule";
				VALIDATE_PRODUCT = YES;
			};
			name = Release;
		};
		AD336E341DFD1030007E8B18 /* Debug */ = {
			isa = XCBuildConfiguration;
			baseConfigurationReference = B43A08C1A9DC3D6CBFC11CDE /* Pods-Devslopes Social.debug.xcconfig */;
			buildSettings = {
				ASSETCATALOG_COMPILER_APPICON_NAME = AppIcon;
				DEVELOPMENT_TEAM = S58QJ4E424;
				INFOPLIST_FILE = "Devslopes Social/Info.plist";
				IPHONEOS_DEPLOYMENT_TARGET = 10.0;
				LD_RUNPATH_SEARCH_PATHS = "$(inherited) @executable_path/Frameworks";
				PRODUCT_BUNDLE_IDENTIFIER = "com.devslopes.social.Devslopes-Social";
				PRODUCT_NAME = "$(TARGET_NAME)";
				SWIFT_VERSION = 3.0;
			};
			name = Debug;
		};
		AD336E351DFD1030007E8B18 /* Release */ = {
			isa = XCBuildConfiguration;
			baseConfigurationReference = 32E7CE68FD3FD62CE503344B /* Pods-Devslopes Social.release.xcconfig */;
			buildSettings = {
				ASSETCATALOG_COMPILER_APPICON_NAME = AppIcon;
				DEVELOPMENT_TEAM = S58QJ4E424;
				INFOPLIST_FILE = "Devslopes Social/Info.plist";
				IPHONEOS_DEPLOYMENT_TARGET = 10.0;
				LD_RUNPATH_SEARCH_PATHS = "$(inherited) @executable_path/Frameworks";
				PRODUCT_BUNDLE_IDENTIFIER = "com.devslopes.social.Devslopes-Social";
				PRODUCT_NAME = "$(TARGET_NAME)";
				SWIFT_VERSION = 3.0;
			};
			name = Release;
		};
/* End XCBuildConfiguration section */

/* Begin XCConfigurationList section */
		AD336E1C1DFD102F007E8B18 /* Build configuration list for PBXProject "Devslopes Social" */ = {
			isa = XCConfigurationList;
			buildConfigurations = (
				AD336E311DFD1030007E8B18 /* Debug */,
				AD336E321DFD1030007E8B18 /* Release */,
			);
			defaultConfigurationIsVisible = 0;
			defaultConfigurationName = Release;
		};
		AD336E331DFD1030007E8B18 /* Build configuration list for PBXNativeTarget "Devslopes Social" */ = {
			isa = XCConfigurationList;
			buildConfigurations = (
				AD336E341DFD1030007E8B18 /* Debug */,
				AD336E351DFD1030007E8B18 /* Release */,
			);
			defaultConfigurationIsVisible = 0;
			defaultConfigurationName = Release;
		};
/* End XCConfigurationList section */
	};
	rootObject = AD336E191DFD102F007E8B18 /* Project object */;
}
